
Microsoft Visual Studio Solution File, Format Version 12.00
# Visual Studio Version 17
VisualStudioVersion = 17.0.31903.59
MinimumVisualStudioVersion = 10.0.40219.1
Project("{2150E333-8FDC-42A3-9474-1A3956D46DE8}") = "Solution Items", "Solution Items", "{5FBE12BD-843F-4355-ABFB-554A34CA7230}"
	ProjectSection(SolutionItems) = preProject
		LICENSE = LICENSE
		README.md = README.md
	EndProjectSection
EndProject
Project("{2150E333-8FDC-42A3-9474-1A3956D46DE8}") = "doc", "doc", "{D0128A08-DF14-4D69-AF5B-06AC48D470C1}"
EndProject
Project("{2150E333-8FDC-42A3-9474-1A3956D46DE8}") = "design", "design", "{7D9B3AF3-7877-4740-84A8-C411660B5BD1}"
EndProject
Project("{2150E333-8FDC-42A3-9474-1A3956D46DE8}") = "infrastructure", "infrastructure", "{4918B518-8553-41CB-BC57-AAEA85286BF6}"
	ProjectSection(SolutionItems) = preProject
		doc\design\infrastructure\Infrastructure concepts.md = doc\design\infrastructure\Infrastructure concepts.md
		doc\design\infrastructure\Install concepts and sequence.txt = doc\design\infrastructure\Install concepts and sequence.txt
		doc\design\infrastructure\Patform architecture.pptx = doc\design\infrastructure\Patform architecture.pptx
		doc\design\infrastructure\Platform Design.pptx = doc\design\infrastructure\Platform Design.pptx
	EndProjectSection
EndProject
Project("{2150E333-8FDC-42A3-9474-1A3956D46DE8}") = "dev", "dev", "{308A9D62-1D2A-4DF7-8676-A0075C8F48FD}"
EndProject
Project("{2150E333-8FDC-42A3-9474-1A3956D46DE8}") = "project", "project", "{A3ADA73B-27BE-4DAE-98BA-56396E97043E}"
	ProjectSection(SolutionItems) = preProject
		doc\project\Plan - iteration 1.xlsx = doc\project\Plan - iteration 1.xlsx
	EndProjectSection
EndProject
Project("{2150E333-8FDC-42A3-9474-1A3956D46DE8}") = "postgresql", "postgresql", "{0B51DEAD-B491-4A20-9316-248FB53885E4}"
	ProjectSection(SolutionItems) = preProject
		doc\dev\postgresql\postgresql-admin.txt = doc\dev\postgresql\postgresql-admin.txt
		doc\dev\postgresql\postgresql-commands.txt = doc\dev\postgresql\postgresql-commands.txt
		doc\dev\postgresql\postgresql-docker.txt = doc\dev\postgresql\postgresql-docker.txt
		doc\dev\postgresql\postgresql-sql.txt = doc\dev\postgresql\postgresql-sql.txt
	EndProjectSection
EndProject
Project("{2150E333-8FDC-42A3-9474-1A3956D46DE8}") = "kubernetes", "kubernetes", "{FC62E412-799B-494B-8BDE-1F11523E5C25}"
	ProjectSection(SolutionItems) = preProject
		doc\infra\kubernetes\client-certificate-access.txt = doc\infra\kubernetes\client-certificate-access.txt
		doc\infra\kubernetes\docker-build-commands.txt = doc\infra\kubernetes\docker-build-commands.txt
		doc\infra\kubernetes\docker-kubernetes-commands.txt = doc\infra\kubernetes\docker-kubernetes-commands.txt
		doc\infra\kubernetes\helm-commands.txt = doc\infra\kubernetes\helm-commands.txt
		doc\infra\kubernetes\Intro to Kubernetes v1 05_2018.txt = doc\infra\kubernetes\Intro to Kubernetes v1 05_2018.txt
		doc\infra\kubernetes\kubectl-version-commands.txt = doc\infra\kubernetes\kubectl-version-commands.txt
		doc\infra\kubernetes\namespace_quotas_service_account.txt = doc\infra\kubernetes\namespace_quotas_service_account.txt
		doc\infra\kubernetes\nvidia-container-toolkit.txt = doc\infra\kubernetes\nvidia-container-toolkit.txt
	EndProjectSection
EndProject
Project("{2150E333-8FDC-42A3-9474-1A3956D46DE8}") = "aspnet", "aspnet", "{67B98886-26B9-4DD1-BA71-DC4CFA0146C3}"
	ProjectSection(SolutionItems) = preProject
		doc\dev\aspnet\entity-framework-core.txt = doc\dev\aspnet\entity-framework-core.txt
		doc\dev\aspnet\InstallProcessUI.razor = doc\dev\aspnet\InstallProcessUI.razor
		doc\dev\aspnet\LocalStorage.razor = doc\dev\aspnet\LocalStorage.razor
		doc\dev\aspnet\microservices_course.txt = doc\dev\aspnet\microservices_course.txt
		doc\dev\aspnet\razor-syntax.txt = doc\dev\aspnet\razor-syntax.txt
	EndProjectSection
EndProject
Project("{2150E333-8FDC-42A3-9474-1A3956D46DE8}") = "longhorn", "longhorn", "{1E555E97-6D24-443C-861E-A0EE02C9BC87}"
	ProjectSection(SolutionItems) = preProject
		doc\infra\longhorn\longhorn-install.txt = doc\infra\longhorn\longhorn-install.txt
	EndProjectSection
EndProject
Project("{2150E333-8FDC-42A3-9474-1A3956D46DE8}") = "openidconnect", "openidconnect", "{A62BF575-7BAC-4338-A4D3-F5E3E35FC5A3}"
	ProjectSection(SolutionItems) = preProject
		doc\dev\opeindconnect\openid-connect.txt = doc\dev\opeindconnect\openid-connect.txt
		doc\dev\opeindconnect\openid-provider-keycloak.txt = doc\dev\opeindconnect\openid-provider-keycloak.txt
	EndProjectSection
EndProject
Project("{2150E333-8FDC-42A3-9474-1A3956D46DE8}") = "webcrawler", "webcrawler", "{E6DCD67B-AC0E-45F0-9D7C-5F157F7B1F55}"
	ProjectSection(SolutionItems) = preProject
		doc\design\webcrawler\crawler-design-new.txt = doc\design\webcrawler\crawler-design-new.txt
		doc\design\webcrawler\crawler-design-old.txt = doc\design\webcrawler\crawler-design-old.txt
	EndProjectSection
EndProject
Project("{2150E333-8FDC-42A3-9474-1A3956D46DE8}") = "wsl", "wsl", "{5BB86118-B412-4468-878F-A8B18ECAC255}"
	ProjectSection(SolutionItems) = preProject
		doc\infra\wsl\disk_and_memory_requirements.md = doc\infra\wsl\disk_and_memory_requirements.md
		doc\infra\wsl\Install procedures screenshots.docx = doc\infra\wsl\Install procedures screenshots.docx
		doc\infra\wsl\Reinstall WSL.docx = doc\infra\wsl\Reinstall WSL.docx
		doc\infra\wsl\wsl compute.md = doc\infra\wsl\wsl compute.md
		doc\infra\wsl\wsl disk.md = doc\infra\wsl\wsl disk.md
		doc\infra\wsl\wsl networking.md = doc\infra\wsl\wsl networking.md
		doc\infra\wsl\wsl-commands.txt = doc\infra\wsl\wsl-commands.txt
		doc\infra\wsl\wsl-ubuntu-cpu.txt = doc\infra\wsl\wsl-ubuntu-cpu.txt
	EndProjectSection
EndProject
Project("{2150E333-8FDC-42A3-9474-1A3956D46DE8}") = "docker", "docker", "{22CA881B-3AE8-4E41-A8F7-F50174C6E0BF}"
	ProjectSection(SolutionItems) = preProject
		doc\dev\docker\docker-build-install.txt = doc\dev\docker\docker-build-install.txt
		doc\dev\docker\docker-version-commands.txt = doc\dev\docker\docker-version-commands.txt
		doc\dev\docker\Intro to Docker v1 05_2018.txt = doc\dev\docker\Intro to Docker v1 05_2018.txt
	EndProjectSection
EndProject
Project("{2150E333-8FDC-42A3-9474-1A3956D46DE8}") = "yugabytedb", "yugabytedb", "{35CBD71A-CE2D-41D8-995E-4C42D12AF506}"
	ProjectSection(SolutionItems) = preProject
		doc\dev\yugabytedb\yugabyte-commands.txt = doc\dev\yugabytedb\yugabyte-commands.txt
	EndProjectSection
EndProject
Project("{2150E333-8FDC-42A3-9474-1A3956D46DE8}") = "k3d", "k3d", "{3B6B175C-981E-4F88-AF6A-8BF16EA69F89}"
	ProjectSection(SolutionItems) = preProject
		doc\infra\k3d\k3d-commands.txt = doc\infra\k3d\k3d-commands.txt
		doc\infra\k3d\k3d-explore-nodes.txt = doc\infra\k3d\k3d-explore-nodes.txt
	EndProjectSection
EndProject
Project("{2150E333-8FDC-42A3-9474-1A3956D46DE8}") = "k3s", "k3s", "{BD12799C-4DE1-4D0D-B8D0-57EB58A912E8}"
	ProjectSection(SolutionItems) = preProject
		doc\infra\k3s\containerd-images-layers-storage.md = doc\infra\k3s\containerd-images-layers-storage.md
		doc\infra\k3s\Dockerfile = doc\infra\k3s\Dockerfile
		doc\infra\k3s\traefik-dashboard.yaml = doc\infra\k3s\traefik-dashboard.yaml
	EndProjectSection
EndProject
Project("{2150E333-8FDC-42A3-9474-1A3956D46DE8}") = "ai", "ai", "{CA433C7A-30BD-416B-BC5E-ECA85FFCFD43}"
EndProject
Project("{2150E333-8FDC-42A3-9474-1A3956D46DE8}") = "fastai", "fastai", "{A09B1FF9-D321-4CC7-BC18-0505702C9DDE}"
	ProjectSection(SolutionItems) = preProject
		doc\ai\fastai\docs.fast.ai.csv = doc\ai\fastai\docs.fast.ai.csv
		doc\ai\fastai\fastaidocs.html = doc\ai\fastai\fastaidocs.html
		doc\ai\fastai\fastai_docs_v2.7.8.pptx = doc\ai\fastai\fastai_docs_v2.7.8.pptx
		doc\ai\fastai\Generate page.ipynb = doc\ai\fastai\Generate page.ipynb
		doc\ai\fastai\links.csv = doc\ai\fastai\links.csv
		doc\ai\fastai\titles.csv = doc\ai\fastai\titles.csv
		doc\ai\fastai\URL to fastaidocs.txt = doc\ai\fastai\URL to fastaidocs.txt
	EndProjectSection
EndProject
Project("{2150E333-8FDC-42A3-9474-1A3956D46DE8}") = "pytorch", "pytorch", "{8CA8379C-3DAD-4170-9B8F-125C4C52556F}"
	ProjectSection(SolutionItems) = preProject
		doc\ai\pytorch\Pytorch 1.7 API summary.xlsx = doc\ai\pytorch\Pytorch 1.7 API summary.xlsx
	EndProjectSection
EndProject
Project("{2150E333-8FDC-42A3-9474-1A3956D46DE8}") = "concepts", "concepts", "{F5512606-3264-4F98-A3FF-E6FB484745CB}"
	ProjectSection(SolutionItems) = preProject
		doc\ai\concepts\F Chollet - Neurips 2020 - Deep learning Generalization Abstraction.pptx = doc\ai\concepts\F Chollet - Neurips 2020 - Deep learning Generalization Abstraction.pptx
		doc\ai\concepts\Fondamentaux Machine Learning.pptx = doc\ai\concepts\Fondamentaux Machine Learning.pptx
		doc\ai\concepts\Méthodologie et bonnes pratiques = doc\ai\concepts\Méthodologie et bonnes pratiques
		doc\ai\concepts\NLP and deep learning resources.xlsx = doc\ai\concepts\NLP and deep learning resources.xlsx
		doc\ai\concepts\Services et cas d'utilisation.md = doc\ai\concepts\Services et cas d'utilisation.md
	EndProjectSection
EndProject
Project("{2150E333-8FDC-42A3-9474-1A3956D46DE8}") = "models", "models", "{FA057898-25E1-41F5-BBDB-96857885030A}"
	ProjectSection(SolutionItems) = preProject
		doc\ai\models\charnet timings.xlsx = doc\ai\models\charnet timings.xlsx
		doc\ai\models\charnet-charset-ocr-fr.xlsx = doc\ai\models\charnet-charset-ocr-fr.xlsx
		doc\ai\models\charnet.pptx = doc\ai\models\charnet.pptx
		doc\ai\models\FastText algorithm.docx = doc\ai\models\FastText algorithm.docx
		doc\ai\models\MalongTech-research-charnet.ipynb = doc\ai\models\MalongTech-research-charnet.ipynb
		doc\ai\models\Object dection models and methods.pptx = doc\ai\models\Object dection models and methods.pptx
	EndProjectSection
EndProject
Project("{2150E333-8FDC-42A3-9474-1A3956D46DE8}") = "python", "python", "{2B3CCA68-5FA3-4E75-9A5E-E1CBF05DB28D}"
	ProjectSection(SolutionItems) = preProject
		doc\ai\python\0. Installer un environnement Python.md = doc\ai\python\0. Installer un environnement Python.md
		doc\ai\python\1. Utiliser Jupyter Notebook.ipynb = doc\ai\python\1. Utiliser Jupyter Notebook.ipynb
		doc\ai\python\2. Découvrir le langage Python.ipynb = doc\ai\python\2. Découvrir le langage Python.ipynb
		doc\ai\python\3. Manipuler les données en Python.ipynb = doc\ai\python\3. Manipuler les données en Python.ipynb
		doc\ai\python\4. Tableaux et matrices numériques avec la librairie Numpy.ipynb = doc\ai\python\4. Tableaux et matrices numériques avec la librairie Numpy.ipynb
		doc\ai\python\5. Séries et tables de données avec la librairie Pandas.ipynb = doc\ai\python\5. Séries et tables de données avec la librairie Pandas.ipynb
		doc\ai\python\6. Travailler avec les tables de données Pandas.ipynb = doc\ai\python\6. Travailler avec les tables de données Pandas.ipynb
		doc\ai\python\annonces_immo.csv = doc\ai\python\annonces_immo.csv
		doc\ai\python\jupyter.cmd = doc\ai\python\jupyter.cmd
	EndProjectSection
EndProject
Project("{2150E333-8FDC-42A3-9474-1A3956D46DE8}") = "deeplearning", "deeplearning", "{BD0CAD70-D910-40CA-A3D7-F151BECF7F8D}"
	ProjectSection(SolutionItems) = preProject
		doc\ai\deeplearning\Formation Deep Learning par la pratique 2020.md = doc\ai\deeplearning\Formation Deep Learning par la pratique 2020.md
	EndProjectSection
EndProject
Project("{2150E333-8FDC-42A3-9474-1A3956D46DE8}") = "rancherdesktop", "rancherdesktop", "{EC61BF1C-F887-4F76-BA72-6B09384711A8}"
	ProjectSection(SolutionItems) = preProject
		doc\infra\rancherdesktop\Rancher Desktop install.docx = doc\infra\rancherdesktop\Rancher Desktop install.docx
		doc\infra\rancherdesktop\rancher-desktop.md = doc\infra\rancherdesktop\rancher-desktop.md
		doc\infra\rancherdesktop\wsl-gpu-image.md = doc\infra\rancherdesktop\wsl-gpu-image.md
	EndProjectSection
EndProject
Project("{2150E333-8FDC-42A3-9474-1A3956D46DE8}") = "ui", "ui", "{04ECB04D-E6F6-4508-AEAD-8C993DB9AECA}"
	ProjectSection(SolutionItems) = preProject
		doc\design\ui\cli-commands-tree.md = doc\design\ui\cli-commands-tree.md
		doc\design\ui\Extraction UI.pptx = doc\design\ui\Extraction UI.pptx
		doc\design\ui\user experience - config.md = doc\design\ui\user experience - config.md
		doc\design\ui\wordslab-logo.PNG = doc\design\ui\wordslab-logo.PNG
		doc\design\ui\wordslab-website-layout.pptx = doc\design\ui\wordslab-website-layout.pptx
	EndProjectSection
EndProject
Project("{2150E333-8FDC-42A3-9474-1A3956D46DE8}") = "googlecloud", "googlecloud", "{73691B34-ACA8-4AE6-BB1C-1471CC167CFE}"
	ProjectSection(SolutionItems) = preProject
		doc\infra\googlecloud\2022_02_GPU VM config and price.txt = doc\infra\googlecloud\2022_02_GPU VM config and price.txt
		doc\infra\googlecloud\alternative_datacrunch.io.txt = doc\infra\googlecloud\alternative_datacrunch.io.txt
		doc\infra\googlecloud\gcloud create account.docx = doc\infra\googlecloud\gcloud create account.docx
		doc\infra\googlecloud\gcloud prices.txt = doc\infra\googlecloud\gcloud prices.txt
		doc\infra\googlecloud\gcloud vm.txt = doc\infra\googlecloud\gcloud vm.txt
		doc\infra\googlecloud\Google Colab architecture.pptx = doc\infra\googlecloud\Google Colab architecture.pptx
		doc\infra\googlecloud\Google Colab setup screenshots.docx = doc\infra\googlecloud\Google Colab setup screenshots.docx
		doc\infra\googlecloud\GPU in the cloud - prices comparison 2019.docx = doc\infra\googlecloud\GPU in the cloud - prices comparison 2019.docx
		doc\infra\googlecloud\user-data.yaml = doc\infra\googlecloud\user-data.yaml
	EndProjectSection
EndProject
Project("{2150E333-8FDC-42A3-9474-1A3956D46DE8}") = "macos", "macos", "{877C5DE2-426B-4817-B44F-648610EE0224}"
	ProjectSection(SolutionItems) = preProject
		doc\infra\macos\macos test vm for development.txt = doc\infra\macos\macos test vm for development.txt
		doc\infra\macos\macos-specifics.txt = doc\infra\macos\macos-specifics.txt
	EndProjectSection
EndProject
Project("{2150E333-8FDC-42A3-9474-1A3956D46DE8}") = "concepts", "concepts", "{087C0FCC-9188-478E-A817-55897961C606}"
	ProjectSection(SolutionItems) = preProject
		doc\design\concepts\Data model design.xlsx = doc\design\concepts\Data model design.xlsx
		doc\design\concepts\Design principles.md = doc\design\concepts\Design principles.md
		doc\design\concepts\Drafts - concepts.docx = doc\design\concepts\Drafts - concepts.docx
		doc\design\concepts\Plateforme cognitive - grandes orientations.docx = doc\design\concepts\Plateforme cognitive - grandes orientations.docx
	EndProjectSection
EndProject
Project("{2150E333-8FDC-42A3-9474-1A3956D46DE8}") = "abot", "abot", "{DF153C07-0765-406B-8312-973D5909CD97}"
	ProjectSection(SolutionItems) = preProject
		doc\dev\abot\Abot documentation.md = doc\dev\abot\Abot documentation.md
		doc\dev\abot\patches-new.txt = doc\dev\abot\patches-new.txt
		doc\dev\abot\patches-old.xlsx = doc\dev\abot\patches-old.xlsx
	EndProjectSection
EndProject
Project("{2150E333-8FDC-42A3-9474-1A3956D46DE8}") = "ssh", "ssh", "{32CE5929-ED20-429A-A96C-F2EEFD512116}"
	ProjectSection(SolutionItems) = preProject
		doc\infra\ssh\openssh-server.txt = doc\infra\ssh\openssh-server.txt
	EndProjectSection
EndProject
Project("{2150E333-8FDC-42A3-9474-1A3956D46DE8}") = "quemu", "quemu", "{AF818253-E38A-420C-8310-973F61C2A934}"
	ProjectSection(SolutionItems) = preProject
		doc\infra\qemu\qemu-install-macos.docx = doc\infra\qemu\qemu-install-macos.docx
		doc\infra\qemu\qemu-install-ubuntu.docx = doc\infra\qemu\qemu-install-ubuntu.docx
		doc\infra\qemu\qemu-ubuntu cloud images.txt = doc\infra\qemu\qemu-ubuntu cloud images.txt
	EndProjectSection
EndProject
Project("{9A19103F-16F7-4668-BE54-9A1E7A4F7556}") = "wordslab.manager", "wordslab.manager\wordslab.manager.csproj", "{E1040DF1-B559-497C-A8C3-1C428007DC5E}"
EndProject
Project("{2150E333-8FDC-42A3-9474-1A3956D46DE8}") = ".github", ".github", "{B14B74C3-9090-4594-8E47-5AAA8B7C0037}"
EndProject
Project("{2150E333-8FDC-42A3-9474-1A3956D46DE8}") = "workflows", "workflows", "{6C35BFB9-FE52-4BE3-9050-45A7827AF543}"
	ProjectSection(SolutionItems) = preProject
		.github\workflows\publish-manager.yaml = .github\workflows\publish-manager.yaml
	EndProjectSection
EndProject
Project("{9A19103F-16F7-4668-BE54-9A1E7A4F7556}") = "wordslab.manager.test", "wordslab.manager.test\wordslab.manager.test.csproj", "{3C0CBDFC-4B93-4D35-8D7C-FF848CA29A24}"
EndProject
Project("{2150E333-8FDC-42A3-9474-1A3956D46DE8}") = "cpu_gpu_architecture", "cpu_gpu_architecture", "{B4FA454F-186D-4C59-99C0-E86CA2ED2C3E}"
	ProjectSection(SolutionItems) = preProject
		doc\ai\cpu_gpu_architecture\cuda architecture.txt = doc\ai\cpu_gpu_architecture\cuda architecture.txt
		doc\ai\cpu_gpu_architecture\intel architecture.txt = doc\ai\cpu_gpu_architecture\intel architecture.txt
	EndProjectSection
EndProject
Project("{2150E333-8FDC-42A3-9474-1A3956D46DE8}") = "infra", "infra", "{1A02D8A2-BBF2-4F67-A93E-82EF77214562}"
EndProject
Project("{2150E333-8FDC-42A3-9474-1A3956D46DE8}") = "wpf", "wpf", "{6EA1B509-4B79-4C83-AE4B-8110CBBA6110}"
	ProjectSection(SolutionItems) = preProject
		doc\dev\wpf\ShellLink.cs = doc\dev\wpf\ShellLink.cs
		doc\dev\wpf\TaskbarHelper.cs = doc\dev\wpf\TaskbarHelper.cs
		doc\dev\wpf\TrayHelper.cs = doc\dev\wpf\TrayHelper.cs
	EndProjectSection
EndProject
Project("{2150E333-8FDC-42A3-9474-1A3956D46DE8}") = "python", "python", "{7886EA2A-E25F-416D-BBC6-07B8C1A8B831}"
	ProjectSection(SolutionItems) = preProject
		doc\dev\python\test-stablediffusion.ipynb = doc\dev\python\test-stablediffusion.ipynb
		doc\dev\python\ubuntu-deeplearning-setup.sh = doc\dev\python\ubuntu-deeplearning-setup.sh
		doc\dev\python\ubuntu-python-setup.sh = doc\dev\python\ubuntu-python-setup.sh
	EndProjectSection
EndProject
Project("{2150E333-8FDC-42A3-9474-1A3956D46DE8}") = "containers", "containers", "{66966BBE-5C27-42D6-8EEB-943681BFB555}"
	ProjectSection(SolutionItems) = preProject
		doc\infra\containers\check-containers-size.md = doc\infra\containers\check-containers-size.md
		doc\infra\containers\deeplearning_libraries.md = doc\infra\containers\deeplearning_libraries.md
		doc\infra\containers\how_to_enable_nvidia_GPU_in_container.md = doc\infra\containers\how_to_enable_nvidia_GPU_in_container.md
		doc\infra\containers\huggingface-containers.md = doc\infra\containers\huggingface-containers.md
		doc\infra\containers\jupyter-foundation-install.sh = doc\infra\containers\jupyter-foundation-install.sh
		doc\infra\containers\jupyter-notebook-install.sh = doc\infra\containers\jupyter-notebook-install.sh
		doc\infra\containers\jupyter.md = doc\infra\containers\jupyter.md
		doc\infra\containers\nvidia-cuda-base-install.sh = doc\infra\containers\nvidia-cuda-base-install.sh
		doc\infra\containers\nvidia-cuda-runtime-install.sh = doc\infra\containers\nvidia-cuda-runtime-install.sh
		doc\infra\containers\pytorch-install.md = doc\infra\containers\pytorch-install.md
		doc\infra\containers\ubuntu-test.yaml = doc\infra\containers\ubuntu-test.yaml
		doc\infra\containers\wordslab-notebook.yaml = doc\infra\containers\wordslab-notebook.yaml
		doc\infra\containers\__startup_commands.txt = doc\infra\containers\__startup_commands.txt
	EndProjectSection
EndProject
Global
	GlobalSection(SolutionConfigurationPlatforms) = preSolution
		Debug|Any CPU = Debug|Any CPU
		Release|Any CPU = Release|Any CPU
	EndGlobalSection
	GlobalSection(ProjectConfigurationPlatforms) = postSolution
		{E1040DF1-B559-497C-A8C3-1C428007DC5E}.Debug|Any CPU.ActiveCfg = Debug|Any CPU
		{E1040DF1-B559-497C-A8C3-1C428007DC5E}.Debug|Any CPU.Build.0 = Debug|Any CPU
		{E1040DF1-B559-497C-A8C3-1C428007DC5E}.Release|Any CPU.ActiveCfg = Release|Any CPU
		{E1040DF1-B559-497C-A8C3-1C428007DC5E}.Release|Any CPU.Build.0 = Release|Any CPU
		{3C0CBDFC-4B93-4D35-8D7C-FF848CA29A24}.Debug|Any CPU.ActiveCfg = Debug|Any CPU
		{3C0CBDFC-4B93-4D35-8D7C-FF848CA29A24}.Debug|Any CPU.Build.0 = Debug|Any CPU
		{3C0CBDFC-4B93-4D35-8D7C-FF848CA29A24}.Release|Any CPU.ActiveCfg = Release|Any CPU
		{3C0CBDFC-4B93-4D35-8D7C-FF848CA29A24}.Release|Any CPU.Build.0 = Release|Any CPU
	EndGlobalSection
	GlobalSection(SolutionProperties) = preSolution
		HideSolutionNode = FALSE
	EndGlobalSection
	GlobalSection(NestedProjects) = preSolution
		{D0128A08-DF14-4D69-AF5B-06AC48D470C1} = {5FBE12BD-843F-4355-ABFB-554A34CA7230}
		{7D9B3AF3-7877-4740-84A8-C411660B5BD1} = {D0128A08-DF14-4D69-AF5B-06AC48D470C1}
		{4918B518-8553-41CB-BC57-AAEA85286BF6} = {7D9B3AF3-7877-4740-84A8-C411660B5BD1}
		{308A9D62-1D2A-4DF7-8676-A0075C8F48FD} = {D0128A08-DF14-4D69-AF5B-06AC48D470C1}
		{A3ADA73B-27BE-4DAE-98BA-56396E97043E} = {D0128A08-DF14-4D69-AF5B-06AC48D470C1}
		{0B51DEAD-B491-4A20-9316-248FB53885E4} = {308A9D62-1D2A-4DF7-8676-A0075C8F48FD}
		{FC62E412-799B-494B-8BDE-1F11523E5C25} = {1A02D8A2-BBF2-4F67-A93E-82EF77214562}
		{67B98886-26B9-4DD1-BA71-DC4CFA0146C3} = {308A9D62-1D2A-4DF7-8676-A0075C8F48FD}
		{1E555E97-6D24-443C-861E-A0EE02C9BC87} = {1A02D8A2-BBF2-4F67-A93E-82EF77214562}
		{A62BF575-7BAC-4338-A4D3-F5E3E35FC5A3} = {308A9D62-1D2A-4DF7-8676-A0075C8F48FD}
		{E6DCD67B-AC0E-45F0-9D7C-5F157F7B1F55} = {7D9B3AF3-7877-4740-84A8-C411660B5BD1}
		{5BB86118-B412-4468-878F-A8B18ECAC255} = {1A02D8A2-BBF2-4F67-A93E-82EF77214562}
		{22CA881B-3AE8-4E41-A8F7-F50174C6E0BF} = {308A9D62-1D2A-4DF7-8676-A0075C8F48FD}
		{35CBD71A-CE2D-41D8-995E-4C42D12AF506} = {308A9D62-1D2A-4DF7-8676-A0075C8F48FD}
		{3B6B175C-981E-4F88-AF6A-8BF16EA69F89} = {1A02D8A2-BBF2-4F67-A93E-82EF77214562}
		{BD12799C-4DE1-4D0D-B8D0-57EB58A912E8} = {1A02D8A2-BBF2-4F67-A93E-82EF77214562}
		{CA433C7A-30BD-416B-BC5E-ECA85FFCFD43} = {D0128A08-DF14-4D69-AF5B-06AC48D470C1}
		{A09B1FF9-D321-4CC7-BC18-0505702C9DDE} = {CA433C7A-30BD-416B-BC5E-ECA85FFCFD43}
		{8CA8379C-3DAD-4170-9B8F-125C4C52556F} = {CA433C7A-30BD-416B-BC5E-ECA85FFCFD43}
		{F5512606-3264-4F98-A3FF-E6FB484745CB} = {CA433C7A-30BD-416B-BC5E-ECA85FFCFD43}
		{FA057898-25E1-41F5-BBDB-96857885030A} = {CA433C7A-30BD-416B-BC5E-ECA85FFCFD43}
		{2B3CCA68-5FA3-4E75-9A5E-E1CBF05DB28D} = {CA433C7A-30BD-416B-BC5E-ECA85FFCFD43}
		{BD0CAD70-D910-40CA-A3D7-F151BECF7F8D} = {CA433C7A-30BD-416B-BC5E-ECA85FFCFD43}
		{EC61BF1C-F887-4F76-BA72-6B09384711A8} = {1A02D8A2-BBF2-4F67-A93E-82EF77214562}
		{04ECB04D-E6F6-4508-AEAD-8C993DB9AECA} = {7D9B3AF3-7877-4740-84A8-C411660B5BD1}
		{73691B34-ACA8-4AE6-BB1C-1471CC167CFE} = {1A02D8A2-BBF2-4F67-A93E-82EF77214562}
		{877C5DE2-426B-4817-B44F-648610EE0224} = {1A02D8A2-BBF2-4F67-A93E-82EF77214562}
		{087C0FCC-9188-478E-A817-55897961C606} = {7D9B3AF3-7877-4740-84A8-C411660B5BD1}
		{DF153C07-0765-406B-8312-973D5909CD97} = {308A9D62-1D2A-4DF7-8676-A0075C8F48FD}
		{32CE5929-ED20-429A-A96C-F2EEFD512116} = {1A02D8A2-BBF2-4F67-A93E-82EF77214562}
		{AF818253-E38A-420C-8310-973F61C2A934} = {1A02D8A2-BBF2-4F67-A93E-82EF77214562}
		{B14B74C3-9090-4594-8E47-5AAA8B7C0037} = {5FBE12BD-843F-4355-ABFB-554A34CA7230}
		{6C35BFB9-FE52-4BE3-9050-45A7827AF543} = {B14B74C3-9090-4594-8E47-5AAA8B7C0037}
		{B4FA454F-186D-4C59-99C0-E86CA2ED2C3E} = {CA433C7A-30BD-416B-BC5E-ECA85FFCFD43}
		{1A02D8A2-BBF2-4F67-A93E-82EF77214562} = {D0128A08-DF14-4D69-AF5B-06AC48D470C1}
		{6EA1B509-4B79-4C83-AE4B-8110CBBA6110} = {308A9D62-1D2A-4DF7-8676-A0075C8F48FD}
		{7886EA2A-E25F-416D-BBC6-07B8C1A8B831} = {308A9D62-1D2A-4DF7-8676-A0075C8F48FD}
		{66966BBE-5C27-42D6-8EEB-943681BFB555} = {1A02D8A2-BBF2-4F67-A93E-82EF77214562}
	EndGlobalSection
	GlobalSection(ExtensibilityGlobals) = postSolution
		SolutionGuid = {1E574D49-0F7D-4070-9AE4-088FCA10348B}
	EndGlobalSection
EndGlobal
